
Microsoft Visual Studio Solution File, Format Version 12.00
# Visual Studio Version 16
VisualStudioVersion = 16.0.30717.126
MinimumVisualStudioVersion = 10.0.40219.1
Project("{FAE04EC0-301F-11D3-BF4B-00C04F79EFBC}") = "SilverfishPiano", "SilverfishPiano\SilverfishPiano.csproj", "{68201A81-6569-4A90-8621-5DE83C5A8AEF}"
EndProject
Global
	GlobalSection(SolutionConfigurationPlatforms) = preSolution
		Debug|Any CPU = Debug|Any CPU
		Release|Any CPU = Release|Any CPU
	EndGlobalSection
	GlobalSection(ProjectConfigurationPlatforms) = postSolution
		{68201A81-6569-4A90-8621-5DE83C5A8AEF}.Debug|Any CPU.ActiveCfg = Debug|Any CPU
		{68201A81-6569-4A90-8621-5DE83C5A8AEF}.Debug|Any CPU.Build.0 = Debug|Any CPU
		{68201A81-6569-4A90-8621-5DE83C5A8AEF}.Release|Any CPU.ActiveCfg = Release|Any CPU
		{68201A81-6569-4A90-8621-5DE83C5A8AEF}.Release|Any CPU.Build.0 = Release|Any CPU
	EndGlobalSection
	GlobalSection(SolutionProperties) = preSolution
		HideSolutionNode = FALSE
	EndGlobalSection
	GlobalSection(ExtensibilityGlobals) = postSolution
		SolutionGuid = {F692A801-D553-40AB-81E3-9AB883296AB7}
	EndGlobalSection
EndGlobal
